// !$*UTF8*$!
{
	archiveVersion = 1;
	classes = {
	};
	objectVersion = 50;
	objects = {

/* Begin PBXBuildFile section */
		D518D5AA2593D349000EC45B /* StepsApp.swift in Sources */ = {isa = PBXBuildFile; fileRef = D518D5A92593D349000EC45B /* StepsApp.swift */; };
		D518D5AC2593D349000EC45B /* ContentView.swift in Sources */ = {isa = PBXBuildFile; fileRef = D518D5AB2593D349000EC45B /* ContentView.swift */; };
		D518D5AE2593D34B000EC45B /* Assets.xcassets in Resources */ = {isa = PBXBuildFile; fileRef = D518D5AD2593D34B000EC45B /* Assets.xcassets */; };
		D518D5B12593D34B000EC45B /* Preview Assets.xcassets in Resources */ = {isa = PBXBuildFile; fileRef = D518D5B02593D34B000EC45B /* Preview Assets.xcassets */; };
		D518D5B32593D34B000EC45B /* Persistence.swift in Sources */ = {isa = PBXBuildFile; fileRef = D518D5B22593D34B000EC45B /* Persistence.swift */; };
		D518D5B62593D34B000EC45B /* Steps.xcdatamodeld in Sources */ = {isa = PBXBuildFile; fileRef = D518D5B42593D34B000EC45B /* Steps.xcdatamodeld */; };
		D518D5BF2593D44C000EC45B /* HealthDataManager.swift in Sources */ = {isa = PBXBuildFile; fileRef = D518D5BE2593D44C000EC45B /* HealthDataManager.swift */; };
		D518D5C72593DAC5000EC45B /* HealthKit.framework in Frameworks */ = {isa = PBXBuildFile; fileRef = D518D5C62593DAC5000EC45B /* HealthKit.framework */; };
/* End PBXBuildFile section */

/* Begin PBXFileReference section */
		D518D5A62593D349000EC45B /* Steps.app */ = {isa = PBXFileReference; explicitFileType = wrapper.application; includeInIndex = 0; path = Steps.app; sourceTree = BUILT_PRODUCTS_DIR; };
		D518D5A92593D349000EC45B /* StepsApp.swift */ = {isa = PBXFileReference; lastKnownFileType = sourcecode.swift; path = StepsApp.swift; sourceTree = "<group>"; };
		D518D5AB2593D349000EC45B /* ContentView.swift */ = {isa = PBXFileReference; lastKnownFileType = sourcecode.swift; path = ContentView.swift; sourceTree = "<group>"; };
		D518D5AD2593D34B000EC45B /* Assets.xcassets */ = {isa = PBXFileReference; lastKnownFileType = folder.assetcatalog; path = Assets.xcassets; sourceTree = "<group>"; };
		D518D5B02593D34B000EC45B /* Preview Assets.xcassets */ = {isa = PBXFileReference; lastKnownFileType = folder.assetcatalog; path = "Preview Assets.xcassets"; sourceTree = "<group>"; };
		D518D5B22593D34B000EC45B /* Persistence.swift */ = {isa = PBXFileReference; lastKnownFileType = sourcecode.swift; path = Persistence.swift; sourceTree = "<group>"; };
		D518D5B52593D34B000EC45B /* Steps.xcdatamodel */ = {isa = PBXFileReference; lastKnownFileType = wrapper.xcdatamodel; path = Steps.xcdatamodel; sourceTree = "<group>"; };
		D518D5B72593D34B000EC45B /* Info.plist */ = {isa = PBXFileReference; lastKnownFileType = text.plist.xml; path = Info.plist; sourceTree = "<group>"; };
		D518D5BE2593D44C000EC45B /* HealthDataManager.swift */ = {isa = PBXFileReference; lastKnownFileType = sourcecode.swift; path = HealthDataManager.swift; sourceTree = "<group>"; };
		D518D5C42593DAC4000EC45B /* Steps.entitlements */ = {isa = PBXFileReference; lastKnownFileType = text.plist.entitlements; path = Steps.entitlements; sourceTree = "<group>"; };
		D518D5C62593DAC5000EC45B /* HealthKit.framework */ = {isa = PBXFileReference; lastKnownFileType = wrapper.framework; name = HealthKit.framework; path = System/Library/Frameworks/HealthKit.framework; sourceTree = SDKROOT; };
/* End PBXFileReference section */

/* Begin PBXFrameworksBuildPhase section */
		D518D5A32593D349000EC45B /* Frameworks */ = {
			isa = PBXFrameworksBuildPhase;
			buildActionMask = 2147483647;
			files = (
				D518D5C72593DAC5000EC45B /* HealthKit.framework in Frameworks */,
			);
			runOnlyForDeploymentPostprocessing = 0;
		};
/* End PBXFrameworksBuildPhase section */

/* Begin PBXGroup section */
		D518D59D2593D349000EC45B = {
			isa = PBXGroup;
			children = (
				D518D5A82593D349000EC45B /* Steps */,
				D518D5A72593D349000EC45B /* Products */,
				D518D5C52593DAC5000EC45B /* Frameworks */,
			);
			sourceTree = "<group>";
		};
		D518D5A72593D349000EC45B /* Products */ = {
			isa = PBXGroup;
			children = (
				D518D5A62593D349000EC45B /* Steps.app */,
			);
			name = Products;
			sourceTree = "<group>";
		};
		D518D5A82593D349000EC45B /* Steps */ = {
			isa = PBXGroup;
			children = (
				D518D5C42593DAC4000EC45B /* Steps.entitlements */,
				D518D5A92593D349000EC45B /* StepsApp.swift */,
				D518D5AB2593D349000EC45B /* ContentView.swift */,
				D518D5AD2593D34B000EC45B /* Assets.xcassets */,
				D518D5B22593D34B000EC45B /* Persistence.swift */,
				D518D5BE2593D44C000EC45B /* HealthDataManager.swift */,
				D518D5B72593D34B000EC45B /* Info.plist */,
				D518D5B42593D34B000EC45B /* Steps.xcdatamodeld */,
				D518D5AF2593D34B000EC45B /* Preview Content */,
			);
			path = Steps;
			sourceTree = "<group>";
		};
		D518D5AF2593D34B000EC45B /* Preview Content */ = {
			isa = PBXGroup;
			children = (
				D518D5B02593D34B000EC45B /* Preview Assets.xcassets */,
			);
			path = "Preview Content";
			sourceTree = "<group>";
		};
		D518D5C52593DAC5000EC45B /* Frameworks */ = {
			isa = PBXGroup;
			children = (
				D518D5C62593DAC5000EC45B /* HealthKit.framework */,
			);
			name = Frameworks;
			sourceTree = "<group>";
		};
/* End PBXGroup section */

/* Begin PBXNativeTarget section */
		D518D5A52593D349000EC45B /* Steps */ = {
			isa = PBXNativeTarget;
			buildConfigurationList = D518D5BA2593D34B000EC45B /* Build configuration list for PBXNativeTarget "Steps" */;
			buildPhases = (
				D518D5A22593D349000EC45B /* Sources */,
				D518D5A32593D349000EC45B /* Frameworks */,
				D518D5A42593D349000EC45B /* Resources */,
			);
			buildRules = (
			);
			dependencies = (
			);
			name = Steps;
			productName = Steps;
			productReference = D518D5A62593D349000EC45B /* Steps.app */;
			productType = "com.apple.product-type.application";
		};
/* End PBXNativeTarget section */

/* Begin PBXProject section */
		D518D59E2593D349000EC45B /* Project object */ = {
			isa = PBXProject;
			attributes = {
				LastSwiftUpdateCheck = 1230;
				LastUpgradeCheck = 1230;
				TargetAttributes = {
					D518D5A52593D349000EC45B = {
						CreatedOnToolsVersion = 12.3;
					};
				};
			};
			buildConfigurationList = D518D5A12593D349000EC45B /* Build configuration list for PBXProject "Steps" */;
			compatibilityVersion = "Xcode 9.3";
			developmentRegion = en;
			hasScannedForEncodings = 0;
			knownRegions = (
				en,
				Base,
			);
			mainGroup = D518D59D2593D349000EC45B;
			productRefGroup = D518D5A72593D349000EC45B /* Products */;
			projectDirPath = "";
			projectRoot = "";
			targets = (
				D518D5A52593D349000EC45B /* Steps */,
			);
		};
/* End PBXProject section */

/* Begin PBXResourcesBuildPhase section */
		D518D5A42593D349000EC45B /* Resources */ = {
			isa = PBXResourcesBuildPhase;
			buildActionMask = 2147483647;
			files = (
				D518D5B12593D34B000EC45B /* Preview Assets.xcassets in Resources */,
				D518D5AE2593D34B000EC45B /* Assets.xcassets in Resources */,
			);
			runOnlyForDeploymentPostprocessing = 0;
		};
/* End PBXResourcesBuildPhase section */

/* Begin PBXSourcesBuildPhase section */
		D518D5A22593D349000EC45B /* Sources */ = {
			isa = PBXSourcesBuildPhase;
			buildActionMask = 2147483647;
			files = (
				D518D5B32593D34B000EC45B /* Persistence.swift in Sources */,
				D518D5B62593D34B000EC45B /* Steps.xcdatamodeld in Sources */,
				D518D5BF2593D44C000EC45B /* HealthDataManager.swift in Sources */,
				D518D5AC2593D349000EC45B /* ContentView.swift in Sources */,
				D518D5AA2593D349000EC45B /* StepsApp.swift in Sources */,
			);
			runOnlyForDeploymentPostprocessing = 0;
		};
/* End PBXSourcesBuildPhase section */

/* Begin XCBuildConfiguration section */
		D518D5B82593D34B000EC45B /* Debug */ = {
			isa = XCBuildConfiguration;
			buildSettings = {
				ALWAYS_SEARCH_USER_PATHS = NO;
				CLANG_ANALYZER_NONNULL = YES;
				CLANG_ANALYZER_NUMBER_OBJECT_CONVERSION = YES_AGGRESSIVE;
				CLANG_CXX_LANGUAGE_STANDARD = "gnu++14";
				CLANG_CXX_LIBRARY = "libc++";
				CLANG_ENABLE_MODULES = YES;
				CLANG_ENABLE_OBJC_ARC = YES;
				CLANG_ENABLE_OBJC_WEAK = YES;
				CLANG_WARN_BLOCK_CAPTURE_AUTORELEASING = YES;
				CLANG_WARN_BOOL_CONVERSION = YES;
				CLANG_WARN_COMMA = YES;
				CLANG_WARN_CONSTANT_CONVERSION = YES;
				CLANG_WARN_DEPRECATED_OBJC_IMPLEMENTATIONS = YES;
				CLANG_WARN_DIRECT_OBJC_ISA_USAGE = YES_ERROR;
				CLANG_WARN_DOCUMENTATION_COMMENTS = YES;
				CLANG_WARN_EMPTY_BODY = YES;
				CLANG_WARN_ENUM_CONVERSION = YES;
				CLANG_WARN_INFINITE_RECURSION = YES;
				CLANG_WARN_INT_CONVERSION = YES;
				CLANG_WARN_NON_LITERAL_NULL_CONVERSION = YES;
				CLANG_WARN_OBJC_IMPLICIT_RETAIN_SELF = YES;
				CLANG_WARN_OBJC_LITERAL_CONVERSION = YES;
				CLANG_WARN_OBJC_ROOT_CLASS = YES_ERROR;
				CLANG_WARN_QUOTED_INCLUDE_IN_FRAMEWORK_HEADER = YES;
				CLANG_WARN_RANGE_LOOP_ANALYSIS = YES;
				CLANG_WARN_STRICT_PROTOTYPES = YES;
				CLANG_WARN_SUSPICIOUS_MOVE = YES;
				CLANG_WARN_UNGUARDED_AVAILABILITY = YES_AGGRESSIVE;
				CLANG_WARN_UNREACHABLE_CODE = YES;
				CLANG_WARN__DUPLICATE_METHOD_MATCH = YES;
				COPY_PHASE_STRIP = NO;
				DEBUG_INFORMATION_FORMAT = dwarf;
				ENABLE_STRICT_OBJC_MSGSEND = YES;
				ENABLE_TESTABILITY = YES;
				GCC_C_LANGUAGE_STANDARD = gnu11;
				GCC_DYNAMIC_NO_PIC = NO;
				GCC_NO_COMMON_BLOCKS = YES;
				GCC_OPTIMIZATION_LEVEL = 0;
				GCC_PREPROCESSOR_DEFINITIONS = (
					"DEBUG=1",
					"$(inherited)",
				);
				GCC_WARN_64_TO_32_BIT_CONVERSION = YES;
				GCC_WARN_ABOUT_RETURN_TYPE = YES_ERROR;
				GCC_WARN_UNDECLARED_SELECTOR = YES;
				GCC_WARN_UNINITIALIZED_AUTOS = YES_AGGRESSIVE;
				GCC_WARN_UNUSED_FUNCTION = YES;
				GCC_WARN_UNUSED_VARIABLE = YES;
				IPHONEOS_DEPLOYMENT_TARGET = 14.3;
				MTL_ENABLE_DEBUG_INFO = INCLUDE_SOURCE;
				MTL_FAST_MATH = YES;
				ONLY_ACTIVE_ARCH = YES;
				SDKROOT = iphoneos;
				SWIFT_ACTIVE_COMPILATION_CONDITIONS = DEBUG;
				SWIFT_OPTIMIZATION_LEVEL = "-Onone";
			};
			name = Debug;
		};
		D518D5B92593D34B000EC45B /* Release */ = {
			isa = XCBuildConfiguration;
			buildSettings = {
				ALWAYS_SEARCH_USER_PATHS = NO;
				CLANG_ANALYZER_NONNULL = YES;
				CLANG_ANALYZER_NUMBER_OBJECT_CONVERSION = YES_AGGRESSIVE;
				CLANG_CXX_LANGUAGE_STANDARD = "gnu++14";
				CLANG_CXX_LIBRARY = "libc++";
				CLANG_ENABLE_MODULES = YES;
				CLANG_ENABLE_OBJC_ARC = YES;
				CLANG_ENABLE_OBJC_WEAK = YES;
				CLANG_WARN_BLOCK_CAPTURE_AUTORELEASING = YES;
				CLANG_WARN_BOOL_CONVERSION = YES;
				CLANG_WARN_COMMA = YES;
				CLANG_WARN_CONSTANT_CONVERSION = YES;
				CLANG_WARN_DEPRECATED_OBJC_IMPLEMENTATIONS = YES;
				CLANG_WARN_DIRECT_OBJC_ISA_USAGE = YES_ERROR;
				CLANG_WARN_DOCUMENTATION_COMMENTS = YES;
				CLANG_WARN_EMPTY_BODY = YES;
				CLANG_WARN_ENUM_CONVERSION = YES;
				CLANG_WARN_INFINITE_RECURSION = YES;
				CLANG_WARN_INT_CONVERSION = YES;
				CLANG_WARN_NON_LITERAL_NULL_CONVERSION = YES;
				CLANG_WARN_OBJC_IMPLICIT_RETAIN_SELF = YES;
				CLANG_WARN_OBJC_LITERAL_CONVERSION = YES;
				CLANG_WARN_OBJC_ROOT_CLASS = YES_ERROR;
				CLANG_WARN_QUOTED_INCLUDE_IN_FRAMEWORK_HEADER = YES;
				CLANG_WARN_RANGE_LOOP_ANALYSIS = YES;
				CLANG_WARN_STRICT_PROTOTYPES = YES;
				CLANG_WARN_SUSPICIOUS_MOVE = YES;
				CLANG_WARN_UNGUARDED_AVAILABILITY = YES_AGGRESSIVE;
				CLANG_WARN_UNREACHABLE_CODE = YES;
				CLANG_WARN__DUPLICATE_METHOD_MATCH = YES;
				COPY_PHASE_STRIP = NO;
				DEBUG_INFORMATION_FORMAT = "dwarf-with-dsym";
				ENABLE_NS_ASSERTIONS = NO;
				ENABLE_STRICT_OBJC_MSGSEND = YES;
				GCC_C_LANGUAGE_STANDARD = gnu11;
				GCC_NO_COMMON_BLOCKS = YES;
				GCC_WARN_64_TO_32_BIT_CONVERSION = YES;
				GCC_WARN_ABOUT_RETURN_TYPE = YES_ERROR;
				GCC_WARN_UNDECLARED_SELECTOR = YES;
				GCC_WARN_UNINITIALIZED_AUTOS = YES_AGGRESSIVE;
				GCC_WARN_UNUSED_FUNCTION = YES;
				GCC_WARN_UNUSED_VARIABLE = YES;
				IPHONEOS_DEPLOYMENT_TARGET = 14.3;
				MTL_ENABLE_DEBUG_INFO = NO;
				MTL_FAST_MATH = YES;
				SDKROOT = iphoneos;
				SWIFT_COMPILATION_MODE = wholemodule;
				SWIFT_OPTIMIZATION_LEVEL = "-O";
				VALIDATE_PRODUCT = YES;
			};
			name = Release;
		};
		D518D5BB2593D34B000EC45B /* Debug */ = {
			isa = XCBuildConfiguration;
			buildSettings = {
				ASSETCATALOG_COMPILER_APPICON_NAME = AppIcon;
				ASSETCATALOG_COMPILER_GLOBAL_ACCENT_COLOR_NAME = AccentColor;
				CODE_SIGN_ENTITLEMENTS = Steps/Steps.entitlements;
				CODE_SIGN_STYLE = Automatic;
				DEVELOPMENT_ASSET_PATHS = "\"Steps/Preview Content\"";
				DEVELOPMENT_TEAM = 6TK8Q4KD6G;
				ENABLE_PREVIEWS = YES;
				INFOPLIST_FILE = Steps/Info.plist;
				IPHONEOS_DEPLOYMENT_TARGET = 14.0;
				LD_RUNPATH_SEARCH_PATHS = (
					"$(inherited)",
					"@executable_path/Frameworks",
				);
				PRODUCT_BUNDLE_IDENTIFIER = Luke.Steps;
				PRODUCT_NAME = "$(TARGET_NAME)";
				SWIFT_VERSION = 5.0;
				TARGETED_DEVICE_FAMILY = "1,2";
			};
			name = Debug;
		};
		D518D5BC2593D34B000EC45B /* Release */ = {
			isa = XCBuildConfiguration;
			buildSettings = {
				ASSETCATALOG_COMPILER_APPICON_NAME = AppIcon;
				ASSETCATALOG_COMPILER_GLOBAL_ACCENT_COLOR_NAME = AccentColor;
				CODE_SIGN_ENTITLEMENTS = Steps/Steps.entitlements;
				CODE_SIGN_STYLE = Automatic;
				DEVELOPMENT_ASSET_PATHS = "\"Steps/Preview Content\"";
				DEVELOPMENT_TEAM = 6TK8Q4KD6G;
				ENABLE_PREVIEWS = YES;
				INFOPLIST_FILE = Steps/Info.plist;
				IPHONEOS_DEPLOYMENT_TARGET = 14.0;
				LD_RUNPATH_SEARCH_PATHS = (
					"$(inherited)",
					"@executable_path/Frameworks",
				);
				PRODUCT_BUNDLE_IDENTIFIER = Luke.Steps;
				PRODUCT_NAME = "$(TARGET_NAME)";
				SWIFT_VERSION = 5.0;
				TARGETED_DEVICE_FAMILY = "1,2";
			};
			name = Release;
		};
/* End XCBuildConfiguration section */

/* Begin XCConfigurationList section */
		D518D5A12593D349000EC45B /* Build configuration list for PBXProject "Steps" */ = {
			isa = XCConfigurationList;
			buildConfigurations = (
				D518D5B82593D34B000EC45B /* Debug */,
				D518D5B92593D34B000EC45B /* Release */,
			);
			defaultConfigurationIsVisible = 0;
			defaultConfigurationName = Release;
		};
		D518D5BA2593D34B000EC45B /* Build configuration list for PBXNativeTarget "Steps" */ = {
			isa = XCConfigurationList;
			buildConfigurations = (
				D518D5BB2593D34B000EC45B /* Debug */,
				D518D5BC2593D34B000EC45B /* Release */,
			);
			defaultConfigurationIsVisible = 0;
			defaultConfigurationName = Release;
		};
/* End XCConfigurationList section */

/* Begin XCVersionGroup section */
		D518D5B42593D34B000EC45B /* Steps.xcdatamodeld */ = {
			isa = XCVersionGroup;
			children = (
				D518D5B52593D34B000EC45B /* Steps.xcdatamodel */,
			);
			currentVersion = D518D5B52593D34B000EC45B /* Steps.xcdatamodel */;
			path = Steps.xcdatamodeld;
			sourceTree = "<group>";
			versionGroupType = wrapper.xcdatamodel;
		};
/* End XCVersionGroup section */
	};
	rootObject = D518D59E2593D349000EC45B /* Project object */;
}
