// !$*UTF8*$!
{
	archiveVersion = 1;
	classes = {
	};
	objectVersion = 50;
	objects = {

/* Begin PBXBuildFile section */
		D50F328C258D5EA7008B0207 /* FavoriteButton.swift in Sources */ = {isa = PBXBuildFile; fileRef = D50F328B258D5EA7008B0207 /* FavoriteButton.swift */; };
		D5AE0F83258BC0290015FBA4 /* SUIRampApp.swift in Sources */ = {isa = PBXBuildFile; fileRef = D5AE0F82258BC0290015FBA4 /* SUIRampApp.swift */; };
		D5AE0F85258BC0290015FBA4 /* ContentView.swift in Sources */ = {isa = PBXBuildFile; fileRef = D5AE0F84258BC0290015FBA4 /* ContentView.swift */; };
		D5AE0F87258BC02B0015FBA4 /* Assets.xcassets in Resources */ = {isa = PBXBuildFile; fileRef = D5AE0F86258BC02B0015FBA4 /* Assets.xcassets */; };
		D5AE0F8A258BC02B0015FBA4 /* Preview Assets.xcassets in Resources */ = {isa = PBXBuildFile; fileRef = D5AE0F89258BC02B0015FBA4 /* Preview Assets.xcassets */; };
		D5AE0F8C258BC02B0015FBA4 /* Persistence.swift in Sources */ = {isa = PBXBuildFile; fileRef = D5AE0F8B258BC02B0015FBA4 /* Persistence.swift */; };
		D5AE0F8F258BC02B0015FBA4 /* SUIRamp.xcdatamodeld in Sources */ = {isa = PBXBuildFile; fileRef = D5AE0F8D258BC02B0015FBA4 /* SUIRamp.xcdatamodeld */; };
		D5AE0F9A258BC02B0015FBA4 /* SUIRampTests.swift in Sources */ = {isa = PBXBuildFile; fileRef = D5AE0F99258BC02B0015FBA4 /* SUIRampTests.swift */; };
		D5AE0FA5258BC02B0015FBA4 /* SUIRampUITests.swift in Sources */ = {isa = PBXBuildFile; fileRef = D5AE0FA4258BC02B0015FBA4 /* SUIRampUITests.swift */; };
		D5AE0FB6258BC9290015FBA4 /* MainView.swift in Sources */ = {isa = PBXBuildFile; fileRef = D5AE0FB5258BC9290015FBA4 /* MainView.swift */; };
		D5AE0FBB258BD5A60015FBA4 /* CircleImage.swift in Sources */ = {isa = PBXBuildFile; fileRef = D5AE0FBA258BD5A60015FBA4 /* CircleImage.swift */; };
		D5AE0FC6258BD6FD0015FBA4 /* MapView.swift in Sources */ = {isa = PBXBuildFile; fileRef = D5AE0FC5258BD6FD0015FBA4 /* MapView.swift */; };
		D5AE0FCB258BDB850015FBA4 /* landmarkData.json in Resources */ = {isa = PBXBuildFile; fileRef = D5AE0FCA258BDB850015FBA4 /* landmarkData.json */; };
		D5AE0FD0258BDB9B0015FBA4 /* Landmark.swift in Sources */ = {isa = PBXBuildFile; fileRef = D5AE0FCF258BDB9B0015FBA4 /* Landmark.swift */; };
		D5AE0FD5258BEAAB0015FBA4 /* ModelData.swift in Sources */ = {isa = PBXBuildFile; fileRef = D5AE0FD4258BEAAB0015FBA4 /* ModelData.swift */; };
		D5B60D76258D605000DB9082 /* LandmarkDetail.swift in Sources */ = {isa = PBXBuildFile; fileRef = D5B60D73258D605000DB9082 /* LandmarkDetail.swift */; };
		D5B60D77258D605000DB9082 /* LandmarkListView.swift in Sources */ = {isa = PBXBuildFile; fileRef = D5B60D74258D605000DB9082 /* LandmarkListView.swift */; };
		D5B60D78258D605000DB9082 /* LandmarkRow.swift in Sources */ = {isa = PBXBuildFile; fileRef = D5B60D75258D605000DB9082 /* LandmarkRow.swift */; };
/* End PBXBuildFile section */

/* Begin PBXContainerItemProxy section */
		D5AE0F96258BC02B0015FBA4 /* PBXContainerItemProxy */ = {
			isa = PBXContainerItemProxy;
			containerPortal = D5AE0F77258BC0290015FBA4 /* Project object */;
			proxyType = 1;
			remoteGlobalIDString = D5AE0F7E258BC0290015FBA4;
			remoteInfo = SUIRamp;
		};
		D5AE0FA1258BC02B0015FBA4 /* PBXContainerItemProxy */ = {
			isa = PBXContainerItemProxy;
			containerPortal = D5AE0F77258BC0290015FBA4 /* Project object */;
			proxyType = 1;
			remoteGlobalIDString = D5AE0F7E258BC0290015FBA4;
			remoteInfo = SUIRamp;
		};
/* End PBXContainerItemProxy section */

/* Begin PBXFileReference section */
		D50F328B258D5EA7008B0207 /* FavoriteButton.swift */ = {isa = PBXFileReference; lastKnownFileType = sourcecode.swift; path = FavoriteButton.swift; sourceTree = "<group>"; };
		D5AE0F7F258BC0290015FBA4 /* SUIRamp.app */ = {isa = PBXFileReference; explicitFileType = wrapper.application; includeInIndex = 0; path = SUIRamp.app; sourceTree = BUILT_PRODUCTS_DIR; };
		D5AE0F82258BC0290015FBA4 /* SUIRampApp.swift */ = {isa = PBXFileReference; lastKnownFileType = sourcecode.swift; path = SUIRampApp.swift; sourceTree = "<group>"; };
		D5AE0F84258BC0290015FBA4 /* ContentView.swift */ = {isa = PBXFileReference; lastKnownFileType = sourcecode.swift; path = ContentView.swift; sourceTree = "<group>"; };
		D5AE0F86258BC02B0015FBA4 /* Assets.xcassets */ = {isa = PBXFileReference; lastKnownFileType = folder.assetcatalog; path = Assets.xcassets; sourceTree = "<group>"; };
		D5AE0F89258BC02B0015FBA4 /* Preview Assets.xcassets */ = {isa = PBXFileReference; lastKnownFileType = folder.assetcatalog; path = "Preview Assets.xcassets"; sourceTree = "<group>"; };
		D5AE0F8B258BC02B0015FBA4 /* Persistence.swift */ = {isa = PBXFileReference; lastKnownFileType = sourcecode.swift; path = Persistence.swift; sourceTree = "<group>"; };
		D5AE0F8E258BC02B0015FBA4 /* SUIRamp.xcdatamodel */ = {isa = PBXFileReference; lastKnownFileType = wrapper.xcdatamodel; path = SUIRamp.xcdatamodel; sourceTree = "<group>"; };
		D5AE0F90258BC02B0015FBA4 /* Info.plist */ = {isa = PBXFileReference; lastKnownFileType = text.plist.xml; path = Info.plist; sourceTree = "<group>"; };
		D5AE0F95258BC02B0015FBA4 /* SUIRampTests.xctest */ = {isa = PBXFileReference; explicitFileType = wrapper.cfbundle; includeInIndex = 0; path = SUIRampTests.xctest; sourceTree = BUILT_PRODUCTS_DIR; };
		D5AE0F99258BC02B0015FBA4 /* SUIRampTests.swift */ = {isa = PBXFileReference; lastKnownFileType = sourcecode.swift; path = SUIRampTests.swift; sourceTree = "<group>"; };
		D5AE0F9B258BC02B0015FBA4 /* Info.plist */ = {isa = PBXFileReference; lastKnownFileType = text.plist.xml; path = Info.plist; sourceTree = "<group>"; };
		D5AE0FA0258BC02B0015FBA4 /* SUIRampUITests.xctest */ = {isa = PBXFileReference; explicitFileType = wrapper.cfbundle; includeInIndex = 0; path = SUIRampUITests.xctest; sourceTree = BUILT_PRODUCTS_DIR; };
		D5AE0FA4258BC02B0015FBA4 /* SUIRampUITests.swift */ = {isa = PBXFileReference; lastKnownFileType = sourcecode.swift; path = SUIRampUITests.swift; sourceTree = "<group>"; };
		D5AE0FA6258BC02B0015FBA4 /* Info.plist */ = {isa = PBXFileReference; lastKnownFileType = text.plist.xml; path = Info.plist; sourceTree = "<group>"; };
		D5AE0FB5258BC9290015FBA4 /* MainView.swift */ = {isa = PBXFileReference; lastKnownFileType = sourcecode.swift; path = MainView.swift; sourceTree = "<group>"; };
		D5AE0FBA258BD5A60015FBA4 /* CircleImage.swift */ = {isa = PBXFileReference; lastKnownFileType = sourcecode.swift; path = CircleImage.swift; sourceTree = "<group>"; };
		D5AE0FC5258BD6FD0015FBA4 /* MapView.swift */ = {isa = PBXFileReference; lastKnownFileType = sourcecode.swift; path = MapView.swift; sourceTree = "<group>"; };
		D5AE0FCA258BDB850015FBA4 /* landmarkData.json */ = {isa = PBXFileReference; fileEncoding = 4; lastKnownFileType = text.json; path = landmarkData.json; sourceTree = "<group>"; };
		D5AE0FCF258BDB9B0015FBA4 /* Landmark.swift */ = {isa = PBXFileReference; lastKnownFileType = sourcecode.swift; path = Landmark.swift; sourceTree = "<group>"; };
		D5AE0FD4258BEAAB0015FBA4 /* ModelData.swift */ = {isa = PBXFileReference; lastKnownFileType = sourcecode.swift; path = ModelData.swift; sourceTree = "<group>"; };
		D5B60D73258D605000DB9082 /* LandmarkDetail.swift */ = {isa = PBXFileReference; fileEncoding = 4; lastKnownFileType = sourcecode.swift; path = LandmarkDetail.swift; sourceTree = "<group>"; };
		D5B60D74258D605000DB9082 /* LandmarkListView.swift */ = {isa = PBXFileReference; fileEncoding = 4; lastKnownFileType = sourcecode.swift; path = LandmarkListView.swift; sourceTree = "<group>"; };
		D5B60D75258D605000DB9082 /* LandmarkRow.swift */ = {isa = PBXFileReference; fileEncoding = 4; lastKnownFileType = sourcecode.swift; path = LandmarkRow.swift; sourceTree = "<group>"; };
/* End PBXFileReference section */

/* Begin PBXFrameworksBuildPhase section */
		D5AE0F7C258BC0290015FBA4 /* Frameworks */ = {
			isa = PBXFrameworksBuildPhase;
			buildActionMask = 2147483647;
			files = (
			);
			runOnlyForDeploymentPostprocessing = 0;
		};
		D5AE0F92258BC02B0015FBA4 /* Frameworks */ = {
			isa = PBXFrameworksBuildPhase;
			buildActionMask = 2147483647;
			files = (
			);
			runOnlyForDeploymentPostprocessing = 0;
		};
		D5AE0F9D258BC02B0015FBA4 /* Frameworks */ = {
			isa = PBXFrameworksBuildPhase;
			buildActionMask = 2147483647;
			files = (
			);
			runOnlyForDeploymentPostprocessing = 0;
		};
/* End PBXFrameworksBuildPhase section */

/* Begin PBXGroup section */
		D50F328D258D5FB2008B0207 /* Helpers */ = {
			isa = PBXGroup;
			children = (
				D50F328B258D5EA7008B0207 /* FavoriteButton.swift */,
				D5AE0FBA258BD5A60015FBA4 /* CircleImage.swift */,
				D5AE0FC5258BD6FD0015FBA4 /* MapView.swift */,
			);
			path = Helpers;
			sourceTree = "<group>";
		};
		D5AE0F76258BC0290015FBA4 = {
			isa = PBXGroup;
			children = (
				D5AE0F81258BC0290015FBA4 /* SUIRamp */,
				D5AE0F98258BC02B0015FBA4 /* SUIRampTests */,
				D5AE0FA3258BC02B0015FBA4 /* SUIRampUITests */,
				D5AE0F80258BC0290015FBA4 /* Products */,
			);
			sourceTree = "<group>";
		};
		D5AE0F80258BC0290015FBA4 /* Products */ = {
			isa = PBXGroup;
			children = (
				D5AE0F7F258BC0290015FBA4 /* SUIRamp.app */,
				D5AE0F95258BC02B0015FBA4 /* SUIRampTests.xctest */,
				D5AE0FA0258BC02B0015FBA4 /* SUIRampUITests.xctest */,
			);
			name = Products;
			sourceTree = "<group>";
		};
		D5AE0F81258BC0290015FBA4 /* SUIRamp */ = {
			isa = PBXGroup;
			children = (
				D5AE0F82258BC0290015FBA4 /* SUIRampApp.swift */,
				D5AE0FD9258BF41C0015FBA4 /* Views */,
				D5AE0F86258BC02B0015FBA4 /* Assets.xcassets */,
				D5AE0FDA258BF4450015FBA4 /* Model */,
				D5AE0FDB258BF44F0015FBA4 /* Resources */,
				D5AE0F90258BC02B0015FBA4 /* Info.plist */,
				D5AE0F8D258BC02B0015FBA4 /* SUIRamp.xcdatamodeld */,
				D5AE0F88258BC02B0015FBA4 /* Preview Content */,
			);
			path = SUIRamp;
			sourceTree = "<group>";
		};
		D5AE0F88258BC02B0015FBA4 /* Preview Content */ = {
			isa = PBXGroup;
			children = (
				D5AE0F89258BC02B0015FBA4 /* Preview Assets.xcassets */,
			);
			path = "Preview Content";
			sourceTree = "<group>";
		};
		D5AE0F98258BC02B0015FBA4 /* SUIRampTests */ = {
			isa = PBXGroup;
			children = (
				D5AE0F99258BC02B0015FBA4 /* SUIRampTests.swift */,
				D5AE0F9B258BC02B0015FBA4 /* Info.plist */,
			);
			path = SUIRampTests;
			sourceTree = "<group>";
		};
		D5AE0FA3258BC02B0015FBA4 /* SUIRampUITests */ = {
			isa = PBXGroup;
			children = (
				D5AE0FA4258BC02B0015FBA4 /* SUIRampUITests.swift */,
				D5AE0FA6258BC02B0015FBA4 /* Info.plist */,
			);
			path = SUIRampUITests;
			sourceTree = "<group>";
		};
		D5AE0FD9258BF41C0015FBA4 /* Views */ = {
			isa = PBXGroup;
			children = (
				D5AE0F84258BC0290015FBA4 /* ContentView.swift */,
				D5AE0FB5258BC9290015FBA4 /* MainView.swift */,
				D50F328D258D5FB2008B0207 /* Helpers */,
				D5B60D72258D605000DB9082 /* Landmarks */,
			);
			path = Views;
			sourceTree = "<group>";
		};
		D5AE0FDA258BF4450015FBA4 /* Model */ = {
			isa = PBXGroup;
			children = (
				D5AE0FCF258BDB9B0015FBA4 /* Landmark.swift */,
				D5AE0FD4258BEAAB0015FBA4 /* ModelData.swift */,
				D5AE0F8B258BC02B0015FBA4 /* Persistence.swift */,
			);
			path = Model;
			sourceTree = "<group>";
		};
		D5AE0FDB258BF44F0015FBA4 /* Resources */ = {
			isa = PBXGroup;
			children = (
				D5AE0FCA258BDB850015FBA4 /* landmarkData.json */,
			);
			path = Resources;
			sourceTree = "<group>";
		};
		D5B60D72258D605000DB9082 /* Landmarks */ = {
			isa = PBXGroup;
			children = (
				D5B60D73258D605000DB9082 /* LandmarkDetail.swift */,
				D5B60D74258D605000DB9082 /* LandmarkListView.swift */,
				D5B60D75258D605000DB9082 /* LandmarkRow.swift */,
			);
			path = Landmarks;
			sourceTree = "<group>";
		};
/* End PBXGroup section */

/* Begin PBXNativeTarget section */
		D5AE0F7E258BC0290015FBA4 /* SUIRamp */ = {
			isa = PBXNativeTarget;
			buildConfigurationList = D5AE0FA9258BC02B0015FBA4 /* Build configuration list for PBXNativeTarget "SUIRamp" */;
			buildPhases = (
				D5AE0F7B258BC0290015FBA4 /* Sources */,
				D5AE0F7C258BC0290015FBA4 /* Frameworks */,
				D5AE0F7D258BC0290015FBA4 /* Resources */,
			);
			buildRules = (
			);
			dependencies = (
			);
			name = SUIRamp;
			productName = SUIRamp;
			productReference = D5AE0F7F258BC0290015FBA4 /* SUIRamp.app */;
			productType = "com.apple.product-type.application";
		};
		D5AE0F94258BC02B0015FBA4 /* SUIRampTests */ = {
			isa = PBXNativeTarget;
			buildConfigurationList = D5AE0FAC258BC02B0015FBA4 /* Build configuration list for PBXNativeTarget "SUIRampTests" */;
			buildPhases = (
				D5AE0F91258BC02B0015FBA4 /* Sources */,
				D5AE0F92258BC02B0015FBA4 /* Frameworks */,
				D5AE0F93258BC02B0015FBA4 /* Resources */,
			);
			buildRules = (
			);
			dependencies = (
				D5AE0F97258BC02B0015FBA4 /* PBXTargetDependency */,
			);
			name = SUIRampTests;
			productName = SUIRampTests;
			productReference = D5AE0F95258BC02B0015FBA4 /* SUIRampTests.xctest */;
			productType = "com.apple.product-type.bundle.unit-test";
		};
		D5AE0F9F258BC02B0015FBA4 /* SUIRampUITests */ = {
			isa = PBXNativeTarget;
			buildConfigurationList = D5AE0FAF258BC02B0015FBA4 /* Build configuration list for PBXNativeTarget "SUIRampUITests" */;
			buildPhases = (
				D5AE0F9C258BC02B0015FBA4 /* Sources */,
				D5AE0F9D258BC02B0015FBA4 /* Frameworks */,
				D5AE0F9E258BC02B0015FBA4 /* Resources */,
			);
			buildRules = (
			);
			dependencies = (
				D5AE0FA2258BC02B0015FBA4 /* PBXTargetDependency */,
			);
			name = SUIRampUITests;
			productName = SUIRampUITests;
			productReference = D5AE0FA0258BC02B0015FBA4 /* SUIRampUITests.xctest */;
			productType = "com.apple.product-type.bundle.ui-testing";
		};
/* End PBXNativeTarget section */

/* Begin PBXProject section */
		D5AE0F77258BC0290015FBA4 /* Project object */ = {
			isa = PBXProject;
			attributes = {
				LastSwiftUpdateCheck = 1230;
				LastUpgradeCheck = 1230;
				TargetAttributes = {
					D5AE0F7E258BC0290015FBA4 = {
						CreatedOnToolsVersion = 12.3;
					};
					D5AE0F94258BC02B0015FBA4 = {
						CreatedOnToolsVersion = 12.3;
						TestTargetID = D5AE0F7E258BC0290015FBA4;
					};
					D5AE0F9F258BC02B0015FBA4 = {
						CreatedOnToolsVersion = 12.3;
						TestTargetID = D5AE0F7E258BC0290015FBA4;
					};
				};
			};
			buildConfigurationList = D5AE0F7A258BC0290015FBA4 /* Build configuration list for PBXProject "SUIRamp" */;
			compatibilityVersion = "Xcode 9.3";
			developmentRegion = en;
			hasScannedForEncodings = 0;
			knownRegions = (
				en,
				Base,
			);
			mainGroup = D5AE0F76258BC0290015FBA4;
			productRefGroup = D5AE0F80258BC0290015FBA4 /* Products */;
			projectDirPath = "";
			projectRoot = "";
			targets = (
				D5AE0F7E258BC0290015FBA4 /* SUIRamp */,
				D5AE0F94258BC02B0015FBA4 /* SUIRampTests */,
				D5AE0F9F258BC02B0015FBA4 /* SUIRampUITests */,
			);
		};
/* End PBXProject section */

/* Begin PBXResourcesBuildPhase section */
		D5AE0F7D258BC0290015FBA4 /* Resources */ = {
			isa = PBXResourcesBuildPhase;
			buildActionMask = 2147483647;
			files = (
				D5AE0F8A258BC02B0015FBA4 /* Preview Assets.xcassets in Resources */,
				D5AE0F87258BC02B0015FBA4 /* Assets.xcassets in Resources */,
				D5AE0FCB258BDB850015FBA4 /* landmarkData.json in Resources */,
			);
			runOnlyForDeploymentPostprocessing = 0;
		};
		D5AE0F93258BC02B0015FBA4 /* Resources */ = {
			isa = PBXResourcesBuildPhase;
			buildActionMask = 2147483647;
			files = (
			);
			runOnlyForDeploymentPostprocessing = 0;
		};
		D5AE0F9E258BC02B0015FBA4 /* Resources */ = {
			isa = PBXResourcesBuildPhase;
			buildActionMask = 2147483647;
			files = (
			);
			runOnlyForDeploymentPostprocessing = 0;
		};
/* End PBXResourcesBuildPhase section */

/* Begin PBXSourcesBuildPhase section */
		D5AE0F7B258BC0290015FBA4 /* Sources */ = {
			isa = PBXSourcesBuildPhase;
			buildActionMask = 2147483647;
			files = (
				D5AE0FC6258BD6FD0015FBA4 /* MapView.swift in Sources */,
				D5AE0F8C258BC02B0015FBA4 /* Persistence.swift in Sources */,
				D5AE0FD5258BEAAB0015FBA4 /* ModelData.swift in Sources */,
				D5B60D76258D605000DB9082 /* LandmarkDetail.swift in Sources */,
				D5B60D77258D605000DB9082 /* LandmarkListView.swift in Sources */,
				D5AE0F8F258BC02B0015FBA4 /* SUIRamp.xcdatamodeld in Sources */,
				D5AE0FD0258BDB9B0015FBA4 /* Landmark.swift in Sources */,
				D50F328C258D5EA7008B0207 /* FavoriteButton.swift in Sources */,
				D5AE0FBB258BD5A60015FBA4 /* CircleImage.swift in Sources */,
				D5AE0F85258BC0290015FBA4 /* ContentView.swift in Sources */,
				D5AE0FB6258BC9290015FBA4 /* MainView.swift in Sources */,
				D5B60D78258D605000DB9082 /* LandmarkRow.swift in Sources */,
				D5AE0F83258BC0290015FBA4 /* SUIRampApp.swift in Sources */,
			);
			runOnlyForDeploymentPostprocessing = 0;
		};
		D5AE0F91258BC02B0015FBA4 /* Sources */ = {
			isa = PBXSourcesBuildPhase;
			buildActionMask = 2147483647;
			files = (
				D5AE0F9A258BC02B0015FBA4 /* SUIRampTests.swift in Sources */,
			);
			runOnlyForDeploymentPostprocessing = 0;
		};
		D5AE0F9C258BC02B0015FBA4 /* Sources */ = {
			isa = PBXSourcesBuildPhase;
			buildActionMask = 2147483647;
			files = (
				D5AE0FA5258BC02B0015FBA4 /* SUIRampUITests.swift in Sources */,
			);
			runOnlyForDeploymentPostprocessing = 0;
		};
/* End PBXSourcesBuildPhase section */

/* Begin PBXTargetDependency section */
		D5AE0F97258BC02B0015FBA4 /* PBXTargetDependency */ = {
			isa = PBXTargetDependency;
			target = D5AE0F7E258BC0290015FBA4 /* SUIRamp */;
			targetProxy = D5AE0F96258BC02B0015FBA4 /* PBXContainerItemProxy */;
		};
		D5AE0FA2258BC02B0015FBA4 /* PBXTargetDependency */ = {
			isa = PBXTargetDependency;
			target = D5AE0F7E258BC0290015FBA4 /* SUIRamp */;
			targetProxy = D5AE0FA1258BC02B0015FBA4 /* PBXContainerItemProxy */;
		};
/* End PBXTargetDependency section */

/* Begin XCBuildConfiguration section */
		D5AE0FA7258BC02B0015FBA4 /* Debug */ = {
			isa = XCBuildConfiguration;
			buildSettings = {
				ALWAYS_SEARCH_USER_PATHS = NO;
				CLANG_ANALYZER_NONNULL = YES;
				CLANG_ANALYZER_NUMBER_OBJECT_CONVERSION = YES_AGGRESSIVE;
				CLANG_CXX_LANGUAGE_STANDARD = "gnu++14";
				CLANG_CXX_LIBRARY = "libc++";
				CLANG_ENABLE_MODULES = YES;
				CLANG_ENABLE_OBJC_ARC = YES;
				CLANG_ENABLE_OBJC_WEAK = YES;
				CLANG_WARN_BLOCK_CAPTURE_AUTORELEASING = YES;
				CLANG_WARN_BOOL_CONVERSION = YES;
				CLANG_WARN_COMMA = YES;
				CLANG_WARN_CONSTANT_CONVERSION = YES;
				CLANG_WARN_DEPRECATED_OBJC_IMPLEMENTATIONS = YES;
				CLANG_WARN_DIRECT_OBJC_ISA_USAGE = YES_ERROR;
				CLANG_WARN_DOCUMENTATION_COMMENTS = YES;
				CLANG_WARN_EMPTY_BODY = YES;
				CLANG_WARN_ENUM_CONVERSION = YES;
				CLANG_WARN_INFINITE_RECURSION = YES;
				CLANG_WARN_INT_CONVERSION = YES;
				CLANG_WARN_NON_LITERAL_NULL_CONVERSION = YES;
				CLANG_WARN_OBJC_IMPLICIT_RETAIN_SELF = YES;
				CLANG_WARN_OBJC_LITERAL_CONVERSION = YES;
				CLANG_WARN_OBJC_ROOT_CLASS = YES_ERROR;
				CLANG_WARN_QUOTED_INCLUDE_IN_FRAMEWORK_HEADER = YES;
				CLANG_WARN_RANGE_LOOP_ANALYSIS = YES;
				CLANG_WARN_STRICT_PROTOTYPES = YES;
				CLANG_WARN_SUSPICIOUS_MOVE = YES;
				CLANG_WARN_UNGUARDED_AVAILABILITY = YES_AGGRESSIVE;
				CLANG_WARN_UNREACHABLE_CODE = YES;
				CLANG_WARN__DUPLICATE_METHOD_MATCH = YES;
				COPY_PHASE_STRIP = NO;
				DEBUG_INFORMATION_FORMAT = dwarf;
				ENABLE_STRICT_OBJC_MSGSEND = YES;
				ENABLE_TESTABILITY = YES;
				GCC_C_LANGUAGE_STANDARD = gnu11;
				GCC_DYNAMIC_NO_PIC = NO;
				GCC_NO_COMMON_BLOCKS = YES;
				GCC_OPTIMIZATION_LEVEL = 0;
				GCC_PREPROCESSOR_DEFINITIONS = (
					"DEBUG=1",
					"$(inherited)",
				);
				GCC_WARN_64_TO_32_BIT_CONVERSION = YES;
				GCC_WARN_ABOUT_RETURN_TYPE = YES_ERROR;
				GCC_WARN_UNDECLARED_SELECTOR = YES;
				GCC_WARN_UNINITIALIZED_AUTOS = YES_AGGRESSIVE;
				GCC_WARN_UNUSED_FUNCTION = YES;
				GCC_WARN_UNUSED_VARIABLE = YES;
				IPHONEOS_DEPLOYMENT_TARGET = 14.3;
				MTL_ENABLE_DEBUG_INFO = INCLUDE_SOURCE;
				MTL_FAST_MATH = YES;
				ONLY_ACTIVE_ARCH = YES;
				SDKROOT = iphoneos;
				SWIFT_ACTIVE_COMPILATION_CONDITIONS = DEBUG;
				SWIFT_OPTIMIZATION_LEVEL = "-Onone";
			};
			name = Debug;
		};
		D5AE0FA8258BC02B0015FBA4 /* Release */ = {
			isa = XCBuildConfiguration;
			buildSettings = {
				ALWAYS_SEARCH_USER_PATHS = NO;
				CLANG_ANALYZER_NONNULL = YES;
				CLANG_ANALYZER_NUMBER_OBJECT_CONVERSION = YES_AGGRESSIVE;
				CLANG_CXX_LANGUAGE_STANDARD = "gnu++14";
				CLANG_CXX_LIBRARY = "libc++";
				CLANG_ENABLE_MODULES = YES;
				CLANG_ENABLE_OBJC_ARC = YES;
				CLANG_ENABLE_OBJC_WEAK = YES;
				CLANG_WARN_BLOCK_CAPTURE_AUTORELEASING = YES;
				CLANG_WARN_BOOL_CONVERSION = YES;
				CLANG_WARN_COMMA = YES;
				CLANG_WARN_CONSTANT_CONVERSION = YES;
				CLANG_WARN_DEPRECATED_OBJC_IMPLEMENTATIONS = YES;
				CLANG_WARN_DIRECT_OBJC_ISA_USAGE = YES_ERROR;
				CLANG_WARN_DOCUMENTATION_COMMENTS = YES;
				CLANG_WARN_EMPTY_BODY = YES;
				CLANG_WARN_ENUM_CONVERSION = YES;
				CLANG_WARN_INFINITE_RECURSION = YES;
				CLANG_WARN_INT_CONVERSION = YES;
				CLANG_WARN_NON_LITERAL_NULL_CONVERSION = YES;
				CLANG_WARN_OBJC_IMPLICIT_RETAIN_SELF = YES;
				CLANG_WARN_OBJC_LITERAL_CONVERSION = YES;
				CLANG_WARN_OBJC_ROOT_CLASS = YES_ERROR;
				CLANG_WARN_QUOTED_INCLUDE_IN_FRAMEWORK_HEADER = YES;
				CLANG_WARN_RANGE_LOOP_ANALYSIS = YES;
				CLANG_WARN_STRICT_PROTOTYPES = YES;
				CLANG_WARN_SUSPICIOUS_MOVE = YES;
				CLANG_WARN_UNGUARDED_AVAILABILITY = YES_AGGRESSIVE;
				CLANG_WARN_UNREACHABLE_CODE = YES;
				CLANG_WARN__DUPLICATE_METHOD_MATCH = YES;
				COPY_PHASE_STRIP = NO;
				DEBUG_INFORMATION_FORMAT = "dwarf-with-dsym";
				ENABLE_NS_ASSERTIONS = NO;
				ENABLE_STRICT_OBJC_MSGSEND = YES;
				GCC_C_LANGUAGE_STANDARD = gnu11;
				GCC_NO_COMMON_BLOCKS = YES;
				GCC_WARN_64_TO_32_BIT_CONVERSION = YES;
				GCC_WARN_ABOUT_RETURN_TYPE = YES_ERROR;
				GCC_WARN_UNDECLARED_SELECTOR = YES;
				GCC_WARN_UNINITIALIZED_AUTOS = YES_AGGRESSIVE;
				GCC_WARN_UNUSED_FUNCTION = YES;
				GCC_WARN_UNUSED_VARIABLE = YES;
				IPHONEOS_DEPLOYMENT_TARGET = 14.3;
				MTL_ENABLE_DEBUG_INFO = NO;
				MTL_FAST_MATH = YES;
				SDKROOT = iphoneos;
				SWIFT_COMPILATION_MODE = wholemodule;
				SWIFT_OPTIMIZATION_LEVEL = "-O";
				VALIDATE_PRODUCT = YES;
			};
			name = Release;
		};
		D5AE0FAA258BC02B0015FBA4 /* Debug */ = {
			isa = XCBuildConfiguration;
			buildSettings = {
				ASSETCATALOG_COMPILER_APPICON_NAME = AppIcon;
				ASSETCATALOG_COMPILER_GLOBAL_ACCENT_COLOR_NAME = AccentColor;
				CODE_SIGN_STYLE = Automatic;
				DEVELOPMENT_ASSET_PATHS = "\"SUIRamp/Preview Content\"";
				DEVELOPMENT_TEAM = 6TK8Q4KD6G;
				ENABLE_PREVIEWS = YES;
				INFOPLIST_FILE = SUIRamp/Info.plist;
				IPHONEOS_DEPLOYMENT_TARGET = 14.0;
				LD_RUNPATH_SEARCH_PATHS = (
					"$(inherited)",
					"@executable_path/Frameworks",
				);
				PRODUCT_BUNDLE_IDENTIFIER = MozillaBuilders.SUIRamp;
				PRODUCT_NAME = "$(TARGET_NAME)";
				SWIFT_VERSION = 5.0;
				TARGETED_DEVICE_FAMILY = "1,2";
			};
			name = Debug;
		};
		D5AE0FAB258BC02B0015FBA4 /* Release */ = {
			isa = XCBuildConfiguration;
			buildSettings = {
				ASSETCATALOG_COMPILER_APPICON_NAME = AppIcon;
				ASSETCATALOG_COMPILER_GLOBAL_ACCENT_COLOR_NAME = AccentColor;
				CODE_SIGN_STYLE = Automatic;
				DEVELOPMENT_ASSET_PATHS = "\"SUIRamp/Preview Content\"";
				DEVELOPMENT_TEAM = 6TK8Q4KD6G;
				ENABLE_PREVIEWS = YES;
				INFOPLIST_FILE = SUIRamp/Info.plist;
				IPHONEOS_DEPLOYMENT_TARGET = 14.0;
				LD_RUNPATH_SEARCH_PATHS = (
					"$(inherited)",
					"@executable_path/Frameworks",
				);
				PRODUCT_BUNDLE_IDENTIFIER = MozillaBuilders.SUIRamp;
				PRODUCT_NAME = "$(TARGET_NAME)";
				SWIFT_VERSION = 5.0;
				TARGETED_DEVICE_FAMILY = "1,2";
			};
			name = Release;
		};
		D5AE0FAD258BC02B0015FBA4 /* Debug */ = {
			isa = XCBuildConfiguration;
			buildSettings = {
				ALWAYS_EMBED_SWIFT_STANDARD_LIBRARIES = YES;
				BUNDLE_LOADER = "$(TEST_HOST)";
				CODE_SIGN_STYLE = Automatic;
				DEVELOPMENT_TEAM = 6TK8Q4KD6G;
				INFOPLIST_FILE = SUIRampTests/Info.plist;
				IPHONEOS_DEPLOYMENT_TARGET = 14.0;
				LD_RUNPATH_SEARCH_PATHS = (
					"$(inherited)",
					"@executable_path/Frameworks",
					"@loader_path/Frameworks",
				);
				PRODUCT_BUNDLE_IDENTIFIER = MozillaBuilders.SUIRampTests;
				PRODUCT_NAME = "$(TARGET_NAME)";
				SWIFT_VERSION = 5.0;
				TARGETED_DEVICE_FAMILY = "1,2";
				TEST_HOST = "$(BUILT_PRODUCTS_DIR)/SUIRamp.app/SUIRamp";
			};
			name = Debug;
		};
		D5AE0FAE258BC02B0015FBA4 /* Release */ = {
			isa = XCBuildConfiguration;
			buildSettings = {
				ALWAYS_EMBED_SWIFT_STANDARD_LIBRARIES = YES;
				BUNDLE_LOADER = "$(TEST_HOST)";
				CODE_SIGN_STYLE = Automatic;
				DEVELOPMENT_TEAM = 6TK8Q4KD6G;
				INFOPLIST_FILE = SUIRampTests/Info.plist;
				IPHONEOS_DEPLOYMENT_TARGET = 14.0;
				LD_RUNPATH_SEARCH_PATHS = (
					"$(inherited)",
					"@executable_path/Frameworks",
					"@loader_path/Frameworks",
				);
				PRODUCT_BUNDLE_IDENTIFIER = MozillaBuilders.SUIRampTests;
				PRODUCT_NAME = "$(TARGET_NAME)";
				SWIFT_VERSION = 5.0;
				TARGETED_DEVICE_FAMILY = "1,2";
				TEST_HOST = "$(BUILT_PRODUCTS_DIR)/SUIRamp.app/SUIRamp";
			};
			name = Release;
		};
		D5AE0FB0258BC02B0015FBA4 /* Debug */ = {
			isa = XCBuildConfiguration;
			buildSettings = {
				ALWAYS_EMBED_SWIFT_STANDARD_LIBRARIES = YES;
				CODE_SIGN_STYLE = Automatic;
				DEVELOPMENT_TEAM = 6TK8Q4KD6G;
				INFOPLIST_FILE = SUIRampUITests/Info.plist;
				LD_RUNPATH_SEARCH_PATHS = (
					"$(inherited)",
					"@executable_path/Frameworks",
					"@loader_path/Frameworks",
				);
				PRODUCT_BUNDLE_IDENTIFIER = MozillaBuilders.SUIRampUITests;
				PRODUCT_NAME = "$(TARGET_NAME)";
				SWIFT_VERSION = 5.0;
				TARGETED_DEVICE_FAMILY = "1,2";
				TEST_TARGET_NAME = SUIRamp;
			};
			name = Debug;
		};
		D5AE0FB1258BC02B0015FBA4 /* Release */ = {
			isa = XCBuildConfiguration;
			buildSettings = {
				ALWAYS_EMBED_SWIFT_STANDARD_LIBRARIES = YES;
				CODE_SIGN_STYLE = Automatic;
				DEVELOPMENT_TEAM = 6TK8Q4KD6G;
				INFOPLIST_FILE = SUIRampUITests/Info.plist;
				LD_RUNPATH_SEARCH_PATHS = (
					"$(inherited)",
					"@executable_path/Frameworks",
					"@loader_path/Frameworks",
				);
				PRODUCT_BUNDLE_IDENTIFIER = MozillaBuilders.SUIRampUITests;
				PRODUCT_NAME = "$(TARGET_NAME)";
				SWIFT_VERSION = 5.0;
				TARGETED_DEVICE_FAMILY = "1,2";
				TEST_TARGET_NAME = SUIRamp;
			};
			name = Release;
		};
/* End XCBuildConfiguration section */

/* Begin XCConfigurationList section */
		D5AE0F7A258BC0290015FBA4 /* Build configuration list for PBXProject "SUIRamp" */ = {
			isa = XCConfigurationList;
			buildConfigurations = (
				D5AE0FA7258BC02B0015FBA4 /* Debug */,
				D5AE0FA8258BC02B0015FBA4 /* Release */,
			);
			defaultConfigurationIsVisible = 0;
			defaultConfigurationName = Release;
		};
		D5AE0FA9258BC02B0015FBA4 /* Build configuration list for PBXNativeTarget "SUIRamp" */ = {
			isa = XCConfigurationList;
			buildConfigurations = (
				D5AE0FAA258BC02B0015FBA4 /* Debug */,
				D5AE0FAB258BC02B0015FBA4 /* Release */,
			);
			defaultConfigurationIsVisible = 0;
			defaultConfigurationName = Release;
		};
		D5AE0FAC258BC02B0015FBA4 /* Build configuration list for PBXNativeTarget "SUIRampTests" */ = {
			isa = XCConfigurationList;
			buildConfigurations = (
				D5AE0FAD258BC02B0015FBA4 /* Debug */,
				D5AE0FAE258BC02B0015FBA4 /* Release */,
			);
			defaultConfigurationIsVisible = 0;
			defaultConfigurationName = Release;
		};
		D5AE0FAF258BC02B0015FBA4 /* Build configuration list for PBXNativeTarget "SUIRampUITests" */ = {
			isa = XCConfigurationList;
			buildConfigurations = (
				D5AE0FB0258BC02B0015FBA4 /* Debug */,
				D5AE0FB1258BC02B0015FBA4 /* Release */,
			);
			defaultConfigurationIsVisible = 0;
			defaultConfigurationName = Release;
		};
/* End XCConfigurationList section */

/* Begin XCVersionGroup section */
		D5AE0F8D258BC02B0015FBA4 /* SUIRamp.xcdatamodeld */ = {
			isa = XCVersionGroup;
			children = (
				D5AE0F8E258BC02B0015FBA4 /* SUIRamp.xcdatamodel */,
			);
			currentVersion = D5AE0F8E258BC02B0015FBA4 /* SUIRamp.xcdatamodel */;
			path = SUIRamp.xcdatamodeld;
			sourceTree = "<group>";
			versionGroupType = wrapper.xcdatamodel;
		};
/* End XCVersionGroup section */
	};
	rootObject = D5AE0F77258BC0290015FBA4 /* Project object */;
}
